
Microsoft Visual Studio Solution File, Format Version 12.00
# Visual Studio Version 16
VisualStudioVersion = 16.0.31205.134
MinimumVisualStudioVersion = 10.0.40219.1
Project("{FAE04EC0-301F-11D3-BF4B-00C04F79EFBC}") = "SistemaCadastro", "SistemaCadastro\SistemaCadastro.csproj", "{322854A5-905E-4A7D-B1BA-5BA3B9AC8480}"
EndProject
Global
	GlobalSection(SolutionConfigurationPlatforms) = preSolution
		Debug|Any CPU = Debug|Any CPU
		Release|Any CPU = Release|Any CPU
	EndGlobalSection
	GlobalSection(ProjectConfigurationPlatforms) = postSolution
		{322854A5-905E-4A7D-B1BA-5BA3B9AC8480}.Debug|Any CPU.ActiveCfg = Debug|Any CPU
		{322854A5-905E-4A7D-B1BA-5BA3B9AC8480}.Debug|Any CPU.Build.0 = Debug|Any CPU
		{322854A5-905E-4A7D-B1BA-5BA3B9AC8480}.Release|Any CPU.ActiveCfg = Release|Any CPU
		{322854A5-905E-4A7D-B1BA-5BA3B9AC8480}.Release|Any CPU.Build.0 = Release|Any CPU
	EndGlobalSection
	GlobalSection(SolutionProperties) = preSolution
		HideSolutionNode = FALSE
	EndGlobalSection
	GlobalSection(ExtensibilityGlobals) = postSolution
		SolutionGuid = {3484AE75-5814-4E56-91FD-27DF4F8F0D35}
	EndGlobalSection
EndGlobal
